// !$*UTF8*$!
{
	archiveVersion = 1;
	classes = {
	};
	objectVersion = 50;
	objects = {

/* Begin PBXBuildFile section */
		E19EBEDE20EB124D00BCC543 /* .project in Resources */ = {isa = PBXBuildFile; fileRef = E19EBED620EB124D00BCC543 /* .project */; };
		E19EBEDF20EB124D00BCC543 /* index.css in Resources */ = {isa = PBXBuildFile; fileRef = E19EBED820EB124D00BCC543 /* index.css */; };
		E19EBEE020EB124D00BCC543 /* knowledge_icon.png in Resources */ = {isa = PBXBuildFile; fileRef = E19EBEDA20EB124D00BCC543 /* knowledge_icon.png */; };
		E19EBEE120EB124D00BCC543 /* index.html in Resources */ = {isa = PBXBuildFile; fileRef = E19EBEDB20EB124D00BCC543 /* index.html */; };
		E19EBEE220EB124D00BCC543 /* index.js in Resources */ = {isa = PBXBuildFile; fileRef = E19EBEDD20EB124D00BCC543 /* index.js */; };
		E1E1FD3420EA222F00688DCD /* AppDelegate.m in Sources */ = {isa = PBXBuildFile; fileRef = E1E1FD3320EA222F00688DCD /* AppDelegate.m */; };
		E1E1FD3720EA222F00688DCD /* ViewController.m in Sources */ = {isa = PBXBuildFile; fileRef = E1E1FD3620EA222F00688DCD /* ViewController.m */; };
		E1E1FD3A20EA222F00688DCD /* Main.storyboard in Resources */ = {isa = PBXBuildFile; fileRef = E1E1FD3820EA222F00688DCD /* Main.storyboard */; };
		E1E1FD3C20EA223B00688DCD /* Assets.xcassets in Resources */ = {isa = PBXBuildFile; fileRef = E1E1FD3B20EA223B00688DCD /* Assets.xcassets */; };
		E1E1FD3F20EA223B00688DCD /* LaunchScreen.storyboard in Resources */ = {isa = PBXBuildFile; fileRef = E1E1FD3D20EA223B00688DCD /* LaunchScreen.storyboard */; };
		E1E1FD4220EA223B00688DCD /* main.m in Sources */ = {isa = PBXBuildFile; fileRef = E1E1FD4120EA223B00688DCD /* main.m */; };
/* End PBXBuildFile section */

/* Begin PBXFileReference section */
		E19EBED620EB124D00BCC543 /* .project */ = {isa = PBXFileReference; fileEncoding = 4; lastKnownFileType = text.xml; path = .project; sourceTree = "<group>"; };
		E19EBED820EB124D00BCC543 /* index.css */ = {isa = PBXFileReference; fileEncoding = 4; lastKnownFileType = text.css; path = index.css; sourceTree = "<group>"; };
		E19EBEDA20EB124D00BCC543 /* knowledge_icon.png */ = {isa = PBXFileReference; lastKnownFileType = image.png; path = knowledge_icon.png; sourceTree = "<group>"; };
		E19EBEDB20EB124D00BCC543 /* index.html */ = {isa = PBXFileReference; fileEncoding = 4; lastKnownFileType = text.html; path = index.html; sourceTree = "<group>"; };
		E19EBEDD20EB124D00BCC543 /* index.js */ = {isa = PBXFileReference; fileEncoding = 4; lastKnownFileType = sourcecode.javascript; path = index.js; sourceTree = "<group>"; };
		E1E1FD2F20EA222F00688DCD /* OC-JSDemo.app */ = {isa = PBXFileReference; explicitFileType = wrapper.application; includeInIndex = 0; path = "OC-JSDemo.app"; sourceTree = BUILT_PRODUCTS_DIR; };
		E1E1FD3220EA222F00688DCD /* AppDelegate.h */ = {isa = PBXFileReference; lastKnownFileType = sourcecode.c.h; path = AppDelegate.h; sourceTree = "<group>"; };
		E1E1FD3320EA222F00688DCD /* AppDelegate.m */ = {isa = PBXFileReference; lastKnownFileType = sourcecode.c.objc; path = AppDelegate.m; sourceTree = "<group>"; };
		E1E1FD3520EA222F00688DCD /* ViewController.h */ = {isa = PBXFileReference; lastKnownFileType = sourcecode.c.h; path = ViewController.h; sourceTree = "<group>"; };
		E1E1FD3620EA222F00688DCD /* ViewController.m */ = {isa = PBXFileReference; lastKnownFileType = sourcecode.c.objc; path = ViewController.m; sourceTree = "<group>"; };
		E1E1FD3920EA222F00688DCD /* Base */ = {isa = PBXFileReference; lastKnownFileType = file.storyboard; name = Base; path = Base.lproj/Main.storyboard; sourceTree = "<group>"; };
		E1E1FD3B20EA223B00688DCD /* Assets.xcassets */ = {isa = PBXFileReference; lastKnownFileType = folder.assetcatalog; path = Assets.xcassets; sourceTree = "<group>"; };
		E1E1FD3E20EA223B00688DCD /* Base */ = {isa = PBXFileReference; lastKnownFileType = file.storyboard; name = Base; path = Base.lproj/LaunchScreen.storyboard; sourceTree = "<group>"; };
		E1E1FD4020EA223B00688DCD /* Info.plist */ = {isa = PBXFileReference; lastKnownFileType = text.plist.xml; path = Info.plist; sourceTree = "<group>"; };
		E1E1FD4120EA223B00688DCD /* main.m */ = {isa = PBXFileReference; lastKnownFileType = sourcecode.c.objc; path = main.m; sourceTree = "<group>"; };
/* End PBXFileReference section */

/* Begin PBXFrameworksBuildPhase section */
		E1E1FD2C20EA222F00688DCD /* Frameworks */ = {
			isa = PBXFrameworksBuildPhase;
			buildActionMask = 2147483647;
			files = (
			);
			runOnlyForDeploymentPostprocessing = 0;
		};
/* End PBXFrameworksBuildPhase section */

/* Begin PBXGroup section */
		E19EBED520EB124D00BCC543 /* OCJSHtmlDemo */ = {
			isa = PBXGroup;
			children = (
				E19EBED620EB124D00BCC543 /* .project */,
				E19EBED720EB124D00BCC543 /* css */,
				E19EBED920EB124D00BCC543 /* img */,
				E19EBEDB20EB124D00BCC543 /* index.html */,
				E19EBEDC20EB124D00BCC543 /* js */,
			);
			path = OCJSHtmlDemo;
			sourceTree = "<group>";
		};
		E19EBED720EB124D00BCC543 /* css */ = {
			isa = PBXGroup;
			children = (
				E19EBED820EB124D00BCC543 /* index.css */,
			);
			path = css;
			sourceTree = "<group>";
		};
		E19EBED920EB124D00BCC543 /* img */ = {
			isa = PBXGroup;
			children = (
				E19EBEDA20EB124D00BCC543 /* knowledge_icon.png */,
			);
			path = img;
			sourceTree = "<group>";
		};
		E19EBEDC20EB124D00BCC543 /* js */ = {
			isa = PBXGroup;
			children = (
				E19EBEDD20EB124D00BCC543 /* index.js */,
			);
			path = js;
			sourceTree = "<group>";
		};
		E1E1FD2620EA222F00688DCD = {
			isa = PBXGroup;
			children = (
				E19EBED520EB124D00BCC543 /* OCJSHtmlDemo */,
				E1E1FD3120EA222F00688DCD /* OCJSDemo */,
				E1E1FD3020EA222F00688DCD /* Products */,
			);
			sourceTree = "<group>";
		};
		E1E1FD3020EA222F00688DCD /* Products */ = {
			isa = PBXGroup;
			children = (
				E1E1FD2F20EA222F00688DCD /* OC-JSDemo.app */,
			);
			name = Products;
			sourceTree = "<group>";
		};
		E1E1FD3120EA222F00688DCD /* OCJSDemo */ = {
			isa = PBXGroup;
			children = (
				E1E1FD3220EA222F00688DCD /* AppDelegate.h */,
				E1E1FD3320EA222F00688DCD /* AppDelegate.m */,
				E1E1FD3520EA222F00688DCD /* ViewController.h */,
				E1E1FD3620EA222F00688DCD /* ViewController.m */,
				E1E1FD3820EA222F00688DCD /* Main.storyboard */,
				E1E1FD3B20EA223B00688DCD /* Assets.xcassets */,
				E1E1FD3D20EA223B00688DCD /* LaunchScreen.storyboard */,
				E1E1FD4020EA223B00688DCD /* Info.plist */,
				E1E1FD4120EA223B00688DCD /* main.m */,
			);
			path = OCJSDemo;
			sourceTree = "<group>";
		};
/* End PBXGroup section */

/* Begin PBXNativeTarget section */
		E1E1FD2E20EA222F00688DCD /* OCJSDemo */ = {
			isa = PBXNativeTarget;
			buildConfigurationList = E1E1FD4520EA223B00688DCD /* Build configuration list for PBXNativeTarget "OCJSDemo" */;
			buildPhases = (
				E1E1FD2B20EA222F00688DCD /* Sources */,
				E1E1FD2C20EA222F00688DCD /* Frameworks */,
				E1E1FD2D20EA222F00688DCD /* Resources */,
			);
			buildRules = (
			);
			dependencies = (
			);
			name = OCJSDemo;
			productName = OCJSDemo;
			productReference = E1E1FD2F20EA222F00688DCD /* OC-JSDemo.app */;
			productType = "com.apple.product-type.application";
		};
/* End PBXNativeTarget section */

/* Begin PBXProject section */
		E1E1FD2720EA222F00688DCD /* Project object */ = {
			isa = PBXProject;
			attributes = {
				LastUpgradeCheck = 0940;
				ORGANIZATIONNAME = Dong;
				TargetAttributes = {
					E1E1FD2E20EA222F00688DCD = {
						CreatedOnToolsVersion = 9.4.1;
					};
				};
			};
			buildConfigurationList = E1E1FD2A20EA222F00688DCD /* Build configuration list for PBXProject "OCJSDemo" */;
			compatibilityVersion = "Xcode 9.3";
			developmentRegion = en;
			hasScannedForEncodings = 0;
			knownRegions = (
				en,
				Base,
			);
			mainGroup = E1E1FD2620EA222F00688DCD;
			productRefGroup = E1E1FD3020EA222F00688DCD /* Products */;
			projectDirPath = "";
			projectRoot = "";
			targets = (
				E1E1FD2E20EA222F00688DCD /* OCJSDemo */,
			);
		};
/* End PBXProject section */

/* Begin PBXResourcesBuildPhase section */
		E1E1FD2D20EA222F00688DCD /* Resources */ = {
			isa = PBXResourcesBuildPhase;
			buildActionMask = 2147483647;
			files = (
				E19EBEE120EB124D00BCC543 /* index.html in Resources */,
				E1E1FD3F20EA223B00688DCD /* LaunchScreen.storyboard in Resources */,
				E19EBEDF20EB124D00BCC543 /* index.css in Resources */,
				E19EBEE220EB124D00BCC543 /* index.js in Resources */,
				E19EBEDE20EB124D00BCC543 /* .project in Resources */,
				E1E1FD3C20EA223B00688DCD /* Assets.xcassets in Resources */,
				E1E1FD3A20EA222F00688DCD /* Main.storyboard in Resources */,
				E19EBEE020EB124D00BCC543 /* knowledge_icon.png in Resources */,
			);
			runOnlyForDeploymentPostprocessing = 0;
		};
/* End PBXResourcesBuildPhase section */

/* Begin PBXSourcesBuildPhase section */
		E1E1FD2B20EA222F00688DCD /* Sources */ = {
			isa = PBXSourcesBuildPhase;
			buildActionMask = 2147483647;
			files = (
				E1E1FD3720EA222F00688DCD /* ViewController.m in Sources */,
				E1E1FD4220EA223B00688DCD /* main.m in Sources */,
				E1E1FD3420EA222F00688DCD /* AppDelegate.m in Sources */,
			);
			runOnlyForDeploymentPostprocessing = 0;
		};
/* End PBXSourcesBuildPhase section */

/* Begin PBXVariantGroup section */
		E1E1FD3820EA222F00688DCD /* Main.storyboard */ = {
			isa = PBXVariantGroup;
			children = (
				E1E1FD3920EA222F00688DCD /* Base */,
			);
			name = Main.storyboard;
			sourceTree = "<group>";
		};
		E1E1FD3D20EA223B00688DCD /* LaunchScreen.storyboard */ = {
			isa = PBXVariantGroup;
			children = (
				E1E1FD3E20EA223B00688DCD /* Base */,
			);
			name = LaunchScreen.storyboard;
			sourceTree = "<group>";
		};
/* End PBXVariantGroup section */

/* Begin XCBuildConfiguration section */
		E1E1FD4320EA223B00688DCD /* Debug */ = {
			isa = XCBuildConfiguration;
			buildSettings = {
				ALWAYS_SEARCH_USER_PATHS = NO;
				CLANG_ANALYZER_NONNULL = YES;
				CLANG_ANALYZER_NUMBER_OBJECT_CONVERSION = YES_AGGRESSIVE;
				CLANG_CXX_LANGUAGE_STANDARD = "gnu++14";
				CLANG_CXX_LIBRARY = "libc++";
				CLANG_ENABLE_MODULES = YES;
				CLANG_ENABLE_OBJC_ARC = YES;
				CLANG_ENABLE_OBJC_WEAK = YES;
				CLANG_WARN_BLOCK_CAPTURE_AUTORELEASING = YES;
				CLANG_WARN_BOOL_CONVERSION = YES;
				CLANG_WARN_COMMA = YES;
				CLANG_WARN_CONSTANT_CONVERSION = YES;
				CLANG_WARN_DEPRECATED_OBJC_IMPLEMENTATIONS = YES;
				CLANG_WARN_DIRECT_OBJC_ISA_USAGE = YES_ERROR;
				CLANG_WARN_DOCUMENTATION_COMMENTS = YES;
				CLANG_WARN_EMPTY_BODY = YES;
				CLANG_WARN_ENUM_CONVERSION = YES;
				CLANG_WARN_INFINITE_RECURSION = YES;
				CLANG_WARN_INT_CONVERSION = YES;
				CLANG_WARN_NON_LITERAL_NULL_CONVERSION = YES;
				CLANG_WARN_OBJC_IMPLICIT_RETAIN_SELF = YES;
				CLANG_WARN_OBJC_LITERAL_CONVERSION = YES;
				CLANG_WARN_OBJC_ROOT_CLASS = YES_ERROR;
				CLANG_WARN_RANGE_LOOP_ANALYSIS = YES;
				CLANG_WARN_STRICT_PROTOTYPES = YES;
				CLANG_WARN_SUSPICIOUS_MOVE = YES;
				CLANG_WARN_UNGUARDED_AVAILABILITY = YES_AGGRESSIVE;
				CLANG_WARN_UNREACHABLE_CODE = YES;
				CLANG_WARN__DUPLICATE_METHOD_MATCH = YES;
				CODE_SIGN_IDENTITY = "iPhone Developer";
				COPY_PHASE_STRIP = NO;
				DEBUG_INFORMATION_FORMAT = dwarf;
				ENABLE_STRICT_OBJC_MSGSEND = YES;
				ENABLE_TESTABILITY = YES;
				GCC_C_LANGUAGE_STANDARD = gnu11;
				GCC_DYNAMIC_NO_PIC = NO;
				GCC_NO_COMMON_BLOCKS = YES;
				GCC_OPTIMIZATION_LEVEL = 0;
				GCC_PREPROCESSOR_DEFINITIONS = (
					"DEBUG=1",
					"$(inherited)",
				);
				GCC_WARN_64_TO_32_BIT_CONVERSION = YES;
				GCC_WARN_ABOUT_RETURN_TYPE = YES_ERROR;
				GCC_WARN_UNDECLARED_SELECTOR = YES;
				GCC_WARN_UNINITIALIZED_AUTOS = YES_AGGRESSIVE;
				GCC_WARN_UNUSED_FUNCTION = YES;
				GCC_WARN_UNUSED_VARIABLE = YES;
				IPHONEOS_DEPLOYMENT_TARGET = 11.4;
				MTL_ENABLE_DEBUG_INFO = YES;
				ONLY_ACTIVE_ARCH = YES;
				SDKROOT = iphoneos;
			};
			name = Debug;
		};
		E1E1FD4420EA223B00688DCD /* Release */ = {
			isa = XCBuildConfiguration;
			buildSettings = {
				ALWAYS_SEARCH_USER_PATHS = NO;
				CLANG_ANALYZER_NONNULL = YES;
				CLANG_ANALYZER_NUMBER_OBJECT_CONVERSION = YES_AGGRESSIVE;
				CLANG_CXX_LANGUAGE_STANDARD = "gnu++14";
				CLANG_CXX_LIBRARY = "libc++";
				CLANG_ENABLE_MODULES = YES;
				CLANG_ENABLE_OBJC_ARC = YES;
				CLANG_ENABLE_OBJC_WEAK = YES;
				CLANG_WARN_BLOCK_CAPTURE_AUTORELEASING = YES;
				CLANG_WARN_BOOL_CONVERSION = YES;
				CLANG_WARN_COMMA = YES;
				CLANG_WARN_CONSTANT_CONVERSION = YES;
				CLANG_WARN_DEPRECATED_OBJC_IMPLEMENTATIONS = YES;
				CLANG_WARN_DIRECT_OBJC_ISA_USAGE = YES_ERROR;
				CLANG_WARN_DOCUMENTATION_COMMENTS = YES;
				CLANG_WARN_EMPTY_BODY = YES;
				CLANG_WARN_ENUM_CONVERSION = YES;
				CLANG_WARN_INFINITE_RECURSION = YES;
				CLANG_WARN_INT_CONVERSION = YES;
				CLANG_WARN_NON_LITERAL_NULL_CONVERSION = YES;
				CLANG_WARN_OBJC_IMPLICIT_RETAIN_SELF = YES;
				CLANG_WARN_OBJC_LITERAL_CONVERSION = YES;
				CLANG_WARN_OBJC_ROOT_CLASS = YES_ERROR;
				CLANG_WARN_RANGE_LOOP_ANALYSIS = YES;
				CLANG_WARN_STRICT_PROTOTYPES = YES;
				CLANG_WARN_SUSPICIOUS_MOVE = YES;
				CLANG_WARN_UNGUARDED_AVAILABILITY = YES_AGGRESSIVE;
				CLANG_WARN_UNREACHABLE_CODE = YES;
				CLANG_WARN__DUPLICATE_METHOD_MATCH = YES;
				CODE_SIGN_IDENTITY = "iPhone Developer";
				COPY_PHASE_STRIP = NO;
				DEBUG_INFORMATION_FORMAT = "dwarf-with-dsym";
				ENABLE_NS_ASSERTIONS = NO;
				ENABLE_STRICT_OBJC_MSGSEND = YES;
				GCC_C_LANGUAGE_STANDARD = gnu11;
				GCC_NO_COMMON_BLOCKS = YES;
				GCC_WARN_64_TO_32_BIT_CONVERSION = YES;
				GCC_WARN_ABOUT_RETURN_TYPE = YES_ERROR;
				GCC_WARN_UNDECLARED_SELECTOR = YES;
				GCC_WARN_UNINITIALIZED_AUTOS = YES_AGGRESSIVE;
				GCC_WARN_UNUSED_FUNCTION = YES;
				GCC_WARN_UNUSED_VARIABLE = YES;
				IPHONEOS_DEPLOYMENT_TARGET = 11.4;
				MTL_ENABLE_DEBUG_INFO = NO;
				SDKROOT = iphoneos;
				VALIDATE_PRODUCT = YES;
			};
			name = Release;
		};
		E1E1FD4620EA223B00688DCD /* Debug */ = {
			isa = XCBuildConfiguration;
			buildSettings = {
				ASSETCATALOG_COMPILER_APPICON_NAME = AppIcon;
				CODE_SIGN_STYLE = Automatic;
				DEVELOPMENT_TEAM = T83P3V4T3D;
				INFOPLIST_FILE = OCJSDemo/Info.plist;
				LD_RUNPATH_SEARCH_PATHS = (
					"$(inherited)",
					"@executable_path/Frameworks",
				);
				PRODUCT_BUNDLE_IDENTIFIER = com.test.OCJSDemo;
				PRODUCT_NAME = "OC-JSDemo";
				TARGETED_DEVICE_FAMILY = "1,2";
			};
			name = Debug;
		};
		E1E1FD4720EA223B00688DCD /* Release */ = {
			isa = XCBuildConfiguration;
			buildSettings = {
				ASSETCATALOG_COMPILER_APPICON_NAME = AppIcon;
				CODE_SIGN_STYLE = Automatic;
				DEVELOPMENT_TEAM = T83P3V4T3D;
				INFOPLIST_FILE = OCJSDemo/Info.plist;
				LD_RUNPATH_SEARCH_PATHS = (
					"$(inherited)",
					"@executable_path/Frameworks",
				);
				PRODUCT_BUNDLE_IDENTIFIER = com.test.OCJSDemo;
				PRODUCT_NAME = "OC-JSDemo";
				TARGETED_DEVICE_FAMILY = "1,2";
			};
			name = Release;
		};
/* End XCBuildConfiguration section */

/* Begin XCConfigurationList section */
		E1E1FD2A20EA222F00688DCD /* Build configuration list for PBXProject "OCJSDemo" */ = {
			isa = XCConfigurationList;
			buildConfigurations = (
				E1E1FD4320EA223B00688DCD /* Debug */,
				E1E1FD4420EA223B00688DCD /* Release */,
			);
			defaultConfigurationIsVisible = 0;
			defaultConfigurationName = Release;
		};
		E1E1FD4520EA223B00688DCD /* Build configuration list for PBXNativeTarget "OCJSDemo" */ = {
			isa = XCConfigurationList;
			buildConfigurations = (
				E1E1FD4620EA223B00688DCD /* Debug */,
				E1E1FD4720EA223B00688DCD /* Release */,
			);
			defaultConfigurationIsVisible = 0;
			defaultConfigurationName = Release;
		};
/* End XCConfigurationList section */
	};
	rootObject = E1E1FD2720EA222F00688DCD /* Project object */;
}
